Microsoft Visual Studio Solution File, Format Version 12.00
# Visual Studio Version 17
VisualStudioVersion = 17.5.2.0
MinimumVisualStudioVersion = 10.0.40219.1
Project("{FAE04EC0-301F-11D3-BF4B-00C04F79EFBC}") = "WeatherAnalyzerApp", "WeatherAnalyzerApp\WeatherAnalyzerApp.csproj", "{00DC043A-3F7A-D4E5-FF71-7CB96A74CE7C}"
EndProject
Global
	GlobalSection(SolutionConfigurationPlatforms) = preSolution
		Debug|Any CPU = Debug|Any CPU
		Release|Any CPU = Release|Any CPU
	EndGlobalSection
	GlobalSection(ProjectConfigurationPlatforms) = postSolution
		{00DC043A-3F7A-D4E5-FF71-7CB96A74CE7C}.Debug|Any CPU.ActiveCfg = Debug|Any CPU
		{00DC043A-3F7A-D4E5-FF71-7CB96A74CE7C}.Debug|Any CPU.Build.0 = Debug|Any CPU
		{00DC043A-3F7A-D4E5-FF71-7CB96A74CE7C}.Release|Any CPU.ActiveCfg = Release|Any CPU
		{00DC043A-3F7A-D4E5-FF71-7CB96A74CE7C}.Release|Any CPU.Build.0 = Release|Any CPU
	EndGlobalSection
	GlobalSection(SolutionProperties) = preSolution
		HideSolutionNode = FALSE
	EndGlobalSection
	GlobalSection(ExtensibilityGlobals) = postSolution
		SolutionGuid = {F011F755-B66C-4563-9758-D28654DC1A27}
	EndGlobalSection
EndGlobal
